
Microsoft Visual Studio Solution File, Format Version 12.00
# Visual Studio Version 17
VisualStudioVersion = 17.13.35806.99 d17.13
MinimumVisualStudioVersion = 10.0.40219.1
Project("{FAE04EC0-301F-11D3-BF4B-00C04F79EFBC}") = "ConsoleApp6", "ConsoleApp6.csproj", "{794F2887-93A9-4810-B01E-8CB923DD9983}"
EndProject
Project("{FAE04EC0-301F-11D3-BF4B-00C04F79EFBC}") = "ConsoleApp6Tests", "..\ConsoleApp6Tests\ConsoleApp6Tests.csproj", "{92DEA5D7-9D87-4FA8-A532-75B25BC2237C}"
EndProject
Global
	GlobalSection(SolutionConfigurationPlatforms) = preSolution
		Debug|Any CPU = Debug|Any CPU
		Release|Any CPU = Release|Any CPU
	EndGlobalSection
	GlobalSection(ProjectConfigurationPlatforms) = postSolution
		{794F2887-93A9-4810-B01E-8CB923DD9983}.Debug|Any CPU.ActiveCfg = Debug|Any CPU
		{794F2887-93A9-4810-B01E-8CB923DD9983}.Debug|Any CPU.Build.0 = Debug|Any CPU
		{794F2887-93A9-4810-B01E-8CB923DD9983}.Release|Any CPU.ActiveCfg = Release|Any CPU
		{794F2887-93A9-4810-B01E-8CB923DD9983}.Release|Any CPU.Build.0 = Release|Any CPU
		{92DEA5D7-9D87-4FA8-A532-75B25BC2237C}.Debug|Any CPU.ActiveCfg = Debug|Any CPU
		{92DEA5D7-9D87-4FA8-A532-75B25BC2237C}.Debug|Any CPU.Build.0 = Debug|Any CPU
		{92DEA5D7-9D87-4FA8-A532-75B25BC2237C}.Release|Any CPU.ActiveCfg = Release|Any CPU
		{92DEA5D7-9D87-4FA8-A532-75B25BC2237C}.Release|Any CPU.Build.0 = Release|Any CPU
	EndGlobalSection
	GlobalSection(SolutionProperties) = preSolution
		HideSolutionNode = FALSE
	EndGlobalSection
	GlobalSection(ExtensibilityGlobals) = postSolution
		SolutionGuid = {92CE59C2-B336-41D6-A779-02498C507FCB}
	EndGlobalSection
EndGlobal
